
Microsoft Visual Studio Solution File, Format Version 12.00
# Visual Studio Version 16
VisualStudioVersion = 16.0.29215.179
MinimumVisualStudioVersion = 10.0.40219.1
Project("{FAE04EC0-301F-11D3-BF4B-00C04F79EFBC}") = "Charts", "Charts\Charts.csproj", "{BC446CAB-4E36-4743-BCD8-9560BA33C646}"
EndProject
Project("{FAE04EC0-301F-11D3-BF4B-00C04F79EFBC}") = "ChartsApp", "ChartsApp\ChartsApp.csproj", "{19167EB1-9989-4226-A3BA-08631A213AD8}"
EndProject
Global
	GlobalSection(SolutionConfigurationPlatforms) = preSolution
		Debug|Any CPU = Debug|Any CPU
		Release|Any CPU = Release|Any CPU
	EndGlobalSection
	GlobalSection(ProjectConfigurationPlatforms) = postSolution
		{BC446CAB-4E36-4743-BCD8-9560BA33C646}.Debug|Any CPU.ActiveCfg = Debug|Any CPU
		{BC446CAB-4E36-4743-BCD8-9560BA33C646}.Debug|Any CPU.Build.0 = Debug|Any CPU
		{BC446CAB-4E36-4743-BCD8-9560BA33C646}.Release|Any CPU.ActiveCfg = Release|Any CPU
		{BC446CAB-4E36-4743-BCD8-9560BA33C646}.Release|Any CPU.Build.0 = Release|Any CPU
		{19167EB1-9989-4226-A3BA-08631A213AD8}.Debug|Any CPU.ActiveCfg = Debug|Any CPU
		{19167EB1-9989-4226-A3BA-08631A213AD8}.Debug|Any CPU.Build.0 = Debug|Any CPU
		{19167EB1-9989-4226-A3BA-08631A213AD8}.Release|Any CPU.ActiveCfg = Release|Any CPU
		{19167EB1-9989-4226-A3BA-08631A213AD8}.Release|Any CPU.Build.0 = Release|Any CPU
	EndGlobalSection
	GlobalSection(SolutionProperties) = preSolution
		HideSolutionNode = FALSE
	EndGlobalSection
	GlobalSection(ExtensibilityGlobals) = postSolution
		SolutionGuid = {7B8356C7-647A-46C2-9AA2-F3E3DD929E62}
	EndGlobalSection
EndGlobal
